
Microsoft Visual Studio Solution File, Format Version 12.00
# Visual Studio Version 16
VisualStudioVersion = 16.0.30517.126
MinimumVisualStudioVersion = 10.0.40219.1
Project("{FAE04EC0-301F-11D3-BF4B-00C04F79EFBC}") = "AmimirAPI", "AmimirAPICarlos\AmimirAPI.csproj", "{1AFC4075-DB48-4D81-BDE6-0A745A3396B9}"
EndProject
Project("{FAE04EC0-301F-11D3-BF4B-00C04F79EFBC}") = "AmimirMVC", "AmimirMVC_API\AmimirMVC.csproj", "{81777C20-0AFB-4D6F-A3ED-FF4F9DD4ACFD}"
EndProject
Global
	GlobalSection(SolutionConfigurationPlatforms) = preSolution
		Debug|Any CPU = Debug|Any CPU
		Release|Any CPU = Release|Any CPU
	EndGlobalSection
	GlobalSection(ProjectConfigurationPlatforms) = postSolution
		{1AFC4075-DB48-4D81-BDE6-0A745A3396B9}.Debug|Any CPU.ActiveCfg = Debug|Any CPU
		{1AFC4075-DB48-4D81-BDE6-0A745A3396B9}.Debug|Any CPU.Build.0 = Debug|Any CPU
		{1AFC4075-DB48-4D81-BDE6-0A745A3396B9}.Release|Any CPU.ActiveCfg = Release|Any CPU
		{1AFC4075-DB48-4D81-BDE6-0A745A3396B9}.Release|Any CPU.Build.0 = Release|Any CPU
		{81777C20-0AFB-4D6F-A3ED-FF4F9DD4ACFD}.Debug|Any CPU.ActiveCfg = Debug|Any CPU
		{81777C20-0AFB-4D6F-A3ED-FF4F9DD4ACFD}.Debug|Any CPU.Build.0 = Debug|Any CPU
		{81777C20-0AFB-4D6F-A3ED-FF4F9DD4ACFD}.Release|Any CPU.ActiveCfg = Release|Any CPU
		{81777C20-0AFB-4D6F-A3ED-FF4F9DD4ACFD}.Release|Any CPU.Build.0 = Release|Any CPU
	EndGlobalSection
	GlobalSection(SolutionProperties) = preSolution
		HideSolutionNode = FALSE
	EndGlobalSection
	GlobalSection(ExtensibilityGlobals) = postSolution
		SolutionGuid = {4A8CE0CA-2811-47B6-9838-3F191765607A}
	EndGlobalSection
EndGlobal
